<Solution>
  <Project Path="../../../../../../../../MYWORLD/3SemProjekt/LinkLobby/LobbyLink.API/LobbyLink.API.csproj" />
  <Project Path="../../../../../../../../MYWORLD/3SemProjekt/LinkLobby/LobbyLink.APIClient/LobbyLink.APIClient.csproj" />
  <Project Path="../../../../../../../../MYWORLD/3SemProjekt/LinkLobby/LobbyLink.DataAccess/LobbyLink.DataAccess.csproj" />
  <Project Path="../../../../../../../../MYWORLD/3SemProjekt/LinkLobby/LobbyLink.Desktop/LobbyLink.Desktop.csproj" />
  <Project Path="../../../../../../../../MYWORLD/3SemProjekt/LinkLobby/LobbyLink.Test/LobbyLink.Test.csproj" />
  <Project Path="../../../../../../../../MYWORLD/3SemProjekt/LinkLobby/LobbyLink.Website/LobbyLink.Website.csproj" />
</Solution>
